
Microsoft Visual Studio Solution File, Format Version 12.00
# Visual Studio Version 17
VisualStudioVersion = 17.12.35506.116
MinimumVisualStudioVersion = 10.0.40219.1
Project("{2150E333-8FDC-42A3-9474-1A3956D46DE8}") = "src", "src", "{615CB781-CCC9-4DA4-8913-5AE40E0D8E8D}"
EndProject
Project("{2150E333-8FDC-42A3-9474-1A3956D46DE8}") = "test", "test", "{0DEC9F48-5003-48B1-8451-C03B68D06CCC}"
EndProject
Project("{2150E333-8FDC-42A3-9474-1A3956D46DE8}") = "2 - Api", "2 - Api", "{3B788D12-49BA-4F6C-BBBE-726A36FE2A4D}"
EndProject
Project("{2150E333-8FDC-42A3-9474-1A3956D46DE8}") = "2.1 - ConsolidationService", "2.1 - ConsolidationService", "{59757F3F-657D-4078-ABA9-926AEB04FAE9}"
EndProject
Project("{2150E333-8FDC-42A3-9474-1A3956D46DE8}") = "2.2 - TransactionsService", "2.2 - TransactionsService", "{E2F79FC2-6AE0-4304-BB9D-64A5F9996B14}"
EndProject
Project("{2150E333-8FDC-42A3-9474-1A3956D46DE8}") = "1 - Hosts", "1 - Hosts", "{57AAB6CB-DD0F-4DE7-9BF4-E5F7406889C5}"
EndProject
Project("{FAE04EC0-301F-11D3-BF4B-00C04F79EFBC}") = "FinancialFlowManager.Api.ConsolidationService", "src\FinancialFlowManager.Api.ConsolidationService\FinancialFlowManager.Api.ConsolidationService.csproj", "{DF7DC252-CF50-4EF4-8B30-266ECBFF7BFE}"
EndProject
Project("{2150E333-8FDC-42A3-9474-1A3956D46DE8}") = "3 - Application", "3 - Application", "{FFAF50DA-0331-4BAF-B422-D343A04BCB44}"
EndProject
Project("{FAE04EC0-301F-11D3-BF4B-00C04F79EFBC}") = "FinancialFlowManager.Application", "src\FinancialFlowManager.Application\FinancialFlowManager.Application.csproj", "{4A8C5FC8-126B-4804-ADA4-F18F6D4DA84B}"
EndProject
Project("{2150E333-8FDC-42A3-9474-1A3956D46DE8}") = "4 - Domain", "4 - Domain", "{C8ED8A40-74E0-4A9C-B321-360FC86810C5}"
EndProject
Project("{FAE04EC0-301F-11D3-BF4B-00C04F79EFBC}") = "FinancialFlowManager.Domain", "src\FinancialFlowManager.Domain\FinancialFlowManager.Domain.csproj", "{F02DE137-E688-45BD-9CD6-D95AAE31807E}"
EndProject
Project("{FAE04EC0-301F-11D3-BF4B-00C04F79EFBC}") = "FinancialFlowManager.Domain.Core", "src\FinancialFlowManager.Domain.Core\FinancialFlowManager.Domain.Core.csproj", "{7897EB85-BE7B-440A-A88A-8F59B6A45ADE}"
EndProject
Project("{2150E333-8FDC-42A3-9474-1A3956D46DE8}") = "5 - Infrastructure", "5 - Infrastructure", "{A28A9C67-E94D-4E34-BEC2-A716F8FEF34E}"
EndProject
Project("{2150E333-8FDC-42A3-9474-1A3956D46DE8}") = "5.1 - Data", "5.1 - Data", "{4F44F769-BD60-4F58-8DE6-709CF4A8B654}"
EndProject
Project("{FAE04EC0-301F-11D3-BF4B-00C04F79EFBC}") = "FinancialFlowManager.Infrastructure", "src\FinancialFlowManager.Infrastructure\FinancialFlowManager.Infrastructure.csproj", "{B9176B8E-3AD7-49F1-BA9C-7D283D68F84C}"
EndProject
Project("{2150E333-8FDC-42A3-9474-1A3956D46DE8}") = "6 - CrossCutting", "6 - CrossCutting", "{B6CB6BAD-75C8-4ED0-9E63-A5FF37D37AAB}"
EndProject
Project("{FAE04EC0-301F-11D3-BF4B-00C04F79EFBC}") = "FinancialFlowManager.CrossCutting.IoC", "src\FinancialFlowManager.CrossCutting\FinancialFlowManager.CrossCutting.IoC.csproj", "{4A238139-EFFB-40D3-BF7E-8522F4D06AA3}"
EndProject
Project("{2150E333-8FDC-42A3-9474-1A3956D46DE8}") = "6.1 - IoC", "6.1 - IoC", "{D8CB4F4F-E84E-41B3-A948-ED7B2A2FCECE}"
EndProject
Project("{2150E333-8FDC-42A3-9474-1A3956D46DE8}") = "6.2 - Logs", "6.2 - Logs", "{70576F0E-552D-42E5-8DDD-77369914EC0E}"
EndProject
Project("{2150E333-8FDC-42A3-9474-1A3956D46DE8}") = "Solution Items", "Solution Items", "{692AAC59-AF25-4702-8229-D2CE4C35FE8A}"
EndProject
Project("{FAE04EC0-301F-11D3-BF4B-00C04F79EFBC}") = "FinancialFlowManager.Api.TransactionsService", "src\FinancialFlowManager.Api.TransactionsService\FinancialFlowManager.Api.TransactionsService.csproj", "{D51D6FBF-3444-4951-B535-7D894102EBC1}"
EndProject
Project("{FAE04EC0-301F-11D3-BF4B-00C04F79EFBC}") = "FinancialFlowManager.AppHost", "src\FinancialFlowManager.AppHost\FinancialFlowManager.AppHost.csproj", "{05664560-C2C4-4B0D-95F1-6C6721D31254}"
EndProject
Project("{FAE04EC0-301F-11D3-BF4B-00C04F79EFBC}") = "FinancialFlowManager.ServiceDefaults", "src\FinancialFlowManager.ServiceDefaults\FinancialFlowManager.ServiceDefaults.csproj", "{F78241CB-69B0-4088-91A7-88C63656111B}"
EndProject
Global
	GlobalSection(SolutionConfigurationPlatforms) = preSolution
		Debug|Any CPU = Debug|Any CPU
		Release|Any CPU = Release|Any CPU
	EndGlobalSection
	GlobalSection(ProjectConfigurationPlatforms) = postSolution
		{DF7DC252-CF50-4EF4-8B30-266ECBFF7BFE}.Debug|Any CPU.ActiveCfg = Debug|Any CPU
		{DF7DC252-CF50-4EF4-8B30-266ECBFF7BFE}.Debug|Any CPU.Build.0 = Debug|Any CPU
		{DF7DC252-CF50-4EF4-8B30-266ECBFF7BFE}.Release|Any CPU.ActiveCfg = Release|Any CPU
		{DF7DC252-CF50-4EF4-8B30-266ECBFF7BFE}.Release|Any CPU.Build.0 = Release|Any CPU
		{4A8C5FC8-126B-4804-ADA4-F18F6D4DA84B}.Debug|Any CPU.ActiveCfg = Debug|Any CPU
		{4A8C5FC8-126B-4804-ADA4-F18F6D4DA84B}.Debug|Any CPU.Build.0 = Debug|Any CPU
		{4A8C5FC8-126B-4804-ADA4-F18F6D4DA84B}.Release|Any CPU.ActiveCfg = Release|Any CPU
		{4A8C5FC8-126B-4804-ADA4-F18F6D4DA84B}.Release|Any CPU.Build.0 = Release|Any CPU
		{F02DE137-E688-45BD-9CD6-D95AAE31807E}.Debug|Any CPU.ActiveCfg = Debug|Any CPU
		{F02DE137-E688-45BD-9CD6-D95AAE31807E}.Debug|Any CPU.Build.0 = Debug|Any CPU
		{F02DE137-E688-45BD-9CD6-D95AAE31807E}.Release|Any CPU.ActiveCfg = Release|Any CPU
		{F02DE137-E688-45BD-9CD6-D95AAE31807E}.Release|Any CPU.Build.0 = Release|Any CPU
		{7897EB85-BE7B-440A-A88A-8F59B6A45ADE}.Debug|Any CPU.ActiveCfg = Debug|Any CPU
		{7897EB85-BE7B-440A-A88A-8F59B6A45ADE}.Debug|Any CPU.Build.0 = Debug|Any CPU
		{7897EB85-BE7B-440A-A88A-8F59B6A45ADE}.Release|Any CPU.ActiveCfg = Release|Any CPU
		{7897EB85-BE7B-440A-A88A-8F59B6A45ADE}.Release|Any CPU.Build.0 = Release|Any CPU
		{B9176B8E-3AD7-49F1-BA9C-7D283D68F84C}.Debug|Any CPU.ActiveCfg = Debug|Any CPU
		{B9176B8E-3AD7-49F1-BA9C-7D283D68F84C}.Debug|Any CPU.Build.0 = Debug|Any CPU
		{B9176B8E-3AD7-49F1-BA9C-7D283D68F84C}.Release|Any CPU.ActiveCfg = Release|Any CPU
		{B9176B8E-3AD7-49F1-BA9C-7D283D68F84C}.Release|Any CPU.Build.0 = Release|Any CPU
		{4A238139-EFFB-40D3-BF7E-8522F4D06AA3}.Debug|Any CPU.ActiveCfg = Debug|Any CPU
		{4A238139-EFFB-40D3-BF7E-8522F4D06AA3}.Debug|Any CPU.Build.0 = Debug|Any CPU
		{4A238139-EFFB-40D3-BF7E-8522F4D06AA3}.Release|Any CPU.ActiveCfg = Release|Any CPU
		{4A238139-EFFB-40D3-BF7E-8522F4D06AA3}.Release|Any CPU.Build.0 = Release|Any CPU
		{D51D6FBF-3444-4951-B535-7D894102EBC1}.Debug|Any CPU.ActiveCfg = Debug|Any CPU
		{D51D6FBF-3444-4951-B535-7D894102EBC1}.Debug|Any CPU.Build.0 = Debug|Any CPU
		{D51D6FBF-3444-4951-B535-7D894102EBC1}.Release|Any CPU.ActiveCfg = Release|Any CPU
		{D51D6FBF-3444-4951-B535-7D894102EBC1}.Release|Any CPU.Build.0 = Release|Any CPU
		{05664560-C2C4-4B0D-95F1-6C6721D31254}.Debug|Any CPU.ActiveCfg = Debug|Any CPU
		{05664560-C2C4-4B0D-95F1-6C6721D31254}.Debug|Any CPU.Build.0 = Debug|Any CPU
		{05664560-C2C4-4B0D-95F1-6C6721D31254}.Release|Any CPU.ActiveCfg = Release|Any CPU
		{05664560-C2C4-4B0D-95F1-6C6721D31254}.Release|Any CPU.Build.0 = Release|Any CPU
		{F78241CB-69B0-4088-91A7-88C63656111B}.Debug|Any CPU.ActiveCfg = Debug|Any CPU
		{F78241CB-69B0-4088-91A7-88C63656111B}.Debug|Any CPU.Build.0 = Debug|Any CPU
		{F78241CB-69B0-4088-91A7-88C63656111B}.Release|Any CPU.ActiveCfg = Release|Any CPU
		{F78241CB-69B0-4088-91A7-88C63656111B}.Release|Any CPU.Build.0 = Release|Any CPU
	EndGlobalSection
	GlobalSection(SolutionProperties) = preSolution
		HideSolutionNode = FALSE
	EndGlobalSection
	GlobalSection(NestedProjects) = preSolution
		{3B788D12-49BA-4F6C-BBBE-726A36FE2A4D} = {615CB781-CCC9-4DA4-8913-5AE40E0D8E8D}
		{59757F3F-657D-4078-ABA9-926AEB04FAE9} = {3B788D12-49BA-4F6C-BBBE-726A36FE2A4D}
		{E2F79FC2-6AE0-4304-BB9D-64A5F9996B14} = {3B788D12-49BA-4F6C-BBBE-726A36FE2A4D}
		{57AAB6CB-DD0F-4DE7-9BF4-E5F7406889C5} = {615CB781-CCC9-4DA4-8913-5AE40E0D8E8D}
		{DF7DC252-CF50-4EF4-8B30-266ECBFF7BFE} = {59757F3F-657D-4078-ABA9-926AEB04FAE9}
		{FFAF50DA-0331-4BAF-B422-D343A04BCB44} = {615CB781-CCC9-4DA4-8913-5AE40E0D8E8D}
		{4A8C5FC8-126B-4804-ADA4-F18F6D4DA84B} = {FFAF50DA-0331-4BAF-B422-D343A04BCB44}
		{C8ED8A40-74E0-4A9C-B321-360FC86810C5} = {615CB781-CCC9-4DA4-8913-5AE40E0D8E8D}
		{F02DE137-E688-45BD-9CD6-D95AAE31807E} = {C8ED8A40-74E0-4A9C-B321-360FC86810C5}
		{7897EB85-BE7B-440A-A88A-8F59B6A45ADE} = {C8ED8A40-74E0-4A9C-B321-360FC86810C5}
		{A28A9C67-E94D-4E34-BEC2-A716F8FEF34E} = {615CB781-CCC9-4DA4-8913-5AE40E0D8E8D}
		{4F44F769-BD60-4F58-8DE6-709CF4A8B654} = {A28A9C67-E94D-4E34-BEC2-A716F8FEF34E}
		{B9176B8E-3AD7-49F1-BA9C-7D283D68F84C} = {4F44F769-BD60-4F58-8DE6-709CF4A8B654}
		{B6CB6BAD-75C8-4ED0-9E63-A5FF37D37AAB} = {615CB781-CCC9-4DA4-8913-5AE40E0D8E8D}
		{4A238139-EFFB-40D3-BF7E-8522F4D06AA3} = {D8CB4F4F-E84E-41B3-A948-ED7B2A2FCECE}
		{D8CB4F4F-E84E-41B3-A948-ED7B2A2FCECE} = {B6CB6BAD-75C8-4ED0-9E63-A5FF37D37AAB}
		{70576F0E-552D-42E5-8DDD-77369914EC0E} = {B6CB6BAD-75C8-4ED0-9E63-A5FF37D37AAB}
		{D51D6FBF-3444-4951-B535-7D894102EBC1} = {E2F79FC2-6AE0-4304-BB9D-64A5F9996B14}
		{05664560-C2C4-4B0D-95F1-6C6721D31254} = {57AAB6CB-DD0F-4DE7-9BF4-E5F7406889C5}
		{F78241CB-69B0-4088-91A7-88C63656111B} = {57AAB6CB-DD0F-4DE7-9BF4-E5F7406889C5}
	EndGlobalSection
EndGlobal
